// !$*UTF8*$!
{
	archiveVersion = 1;
	classes = {
	};
	objectVersion = 46;
	objects = {

/* Begin PBXBuildFile section */
		963691CE1EF74F18009257FD /* Merge_Two_Binary_Trees_617.cpp in Sources */ = {isa = PBXBuildFile; fileRef = 963691CD1EF74F18009257FD /* Merge_Two_Binary_Trees_617.cpp */; };
		969398091ECA82ED00566798 /* Leetcode_32.cpp in Sources */ = {isa = PBXBuildFile; fileRef = 969398071ECA82ED00566798 /* Leetcode_32.cpp */; };
		9C4102931E1BEB7400E9197C /* LinuxEnvironment.cpp in Sources */ = {isa = PBXBuildFile; fileRef = 9C4102911E1BEB7400E9197C /* LinuxEnvironment.cpp */; };
		9C75B2691EF6D12D00DFCA99 /* word_pattern_290.cpp in Sources */ = {isa = PBXBuildFile; fileRef = 9C75B2671EF6D12D00DFCA99 /* word_pattern_290.cpp */; };
		9C967FE81E1796F400306831 /* main.cpp in Sources */ = {isa = PBXBuildFile; fileRef = 9C967FE71E1796F400306831 /* main.cpp */; };
		9C967FF01E17974000306831 /* FileAccess.cpp in Sources */ = {isa = PBXBuildFile; fileRef = 9C967FEE1E17974000306831 /* FileAccess.cpp */; };
		9CCCFFF61E1F551F006E2E67 /* LinuxTerminal.cpp in Sources */ = {isa = PBXBuildFile; fileRef = 9CCCFFF41E1F551F006E2E67 /* LinuxTerminal.cpp */; };
/* End PBXBuildFile section */

/* Begin PBXCopyFilesBuildPhase section */
		9C967FE21E1796F400306831 /* CopyFiles */ = {
			isa = PBXCopyFilesBuildPhase;
			buildActionMask = 2147483647;
			dstPath = /usr/share/man/man1/;
			dstSubfolderSpec = 0;
			files = (
			);
			runOnlyForDeploymentPostprocessing = 1;
		};
/* End PBXCopyFilesBuildPhase section */

/* Begin PBXFileReference section */
		963691CD1EF74F18009257FD /* Merge_Two_Binary_Trees_617.cpp */ = {isa = PBXFileReference; fileEncoding = 4; lastKnownFileType = sourcecode.cpp.cpp; path = Merge_Two_Binary_Trees_617.cpp; sourceTree = "<group>"; };
		969398071ECA82ED00566798 /* Leetcode_32.cpp */ = {isa = PBXFileReference; fileEncoding = 4; lastKnownFileType = sourcecode.cpp.cpp; path = Leetcode_32.cpp; sourceTree = "<group>"; };
		969398081ECA82ED00566798 /* Leetcode_32.hpp */ = {isa = PBXFileReference; fileEncoding = 4; lastKnownFileType = sourcecode.cpp.h; path = Leetcode_32.hpp; sourceTree = "<group>"; };
		9C4102911E1BEB7400E9197C /* LinuxEnvironment.cpp */ = {isa = PBXFileReference; fileEncoding = 4; lastKnownFileType = sourcecode.cpp.cpp; path = LinuxEnvironment.cpp; sourceTree = "<group>"; };
		9C4102921E1BEB7400E9197C /* LinuxEnvironment.hpp */ = {isa = PBXFileReference; fileEncoding = 4; lastKnownFileType = sourcecode.cpp.h; path = LinuxEnvironment.hpp; sourceTree = "<group>"; };
		9C75B2671EF6D12D00DFCA99 /* word_pattern_290.cpp */ = {isa = PBXFileReference; fileEncoding = 4; lastKnownFileType = sourcecode.cpp.cpp; name = word_pattern_290.cpp; path = ../word_pattern_290.cpp; sourceTree = "<group>"; };
		9C75B2681EF6D12D00DFCA99 /* word_pattern_290.hpp */ = {isa = PBXFileReference; fileEncoding = 4; lastKnownFileType = sourcecode.cpp.h; name = word_pattern_290.hpp; path = ../word_pattern_290.hpp; sourceTree = "<group>"; };
		9C967FE41E1796F400306831 /* LinuxSystemAPI */ = {isa = PBXFileReference; explicitFileType = "compiled.mach-o.executable"; includeInIndex = 0; path = LinuxSystemAPI; sourceTree = BUILT_PRODUCTS_DIR; };
		9C967FE71E1796F400306831 /* main.cpp */ = {isa = PBXFileReference; lastKnownFileType = sourcecode.cpp.cpp; path = main.cpp; sourceTree = "<group>"; };
		9C967FEE1E17974000306831 /* FileAccess.cpp */ = {isa = PBXFileReference; fileEncoding = 4; lastKnownFileType = sourcecode.cpp.cpp; path = FileAccess.cpp; sourceTree = "<group>"; };
		9C967FEF1E17974000306831 /* FileAccess.hpp */ = {isa = PBXFileReference; fileEncoding = 4; lastKnownFileType = sourcecode.cpp.h; path = FileAccess.hpp; sourceTree = "<group>"; };
		9CCCFFF41E1F551F006E2E67 /* LinuxTerminal.cpp */ = {isa = PBXFileReference; fileEncoding = 4; lastKnownFileType = sourcecode.cpp.cpp; path = LinuxTerminal.cpp; sourceTree = "<group>"; };
		9CCCFFF51E1F551F006E2E67 /* LinuxTerminal.hpp */ = {isa = PBXFileReference; fileEncoding = 4; lastKnownFileType = sourcecode.cpp.h; path = LinuxTerminal.hpp; sourceTree = "<group>"; };
/* End PBXFileReference section */

/* Begin PBXFrameworksBuildPhase section */
		9C967FE11E1796F400306831 /* Frameworks */ = {
			isa = PBXFrameworksBuildPhase;
			buildActionMask = 2147483647;
			files = (
			);
			runOnlyForDeploymentPostprocessing = 0;
		};
/* End PBXFrameworksBuildPhase section */

/* Begin PBXGroup section */
		9C967FDB1E1796F400306831 = {
			isa = PBXGroup;
			children = (
				9C967FE61E1796F400306831 /* LinuxSystemAPI */,
				9C967FE51E1796F400306831 /* Products */,
			);
			sourceTree = "<group>";
		};
		9C967FE51E1796F400306831 /* Products */ = {
			isa = PBXGroup;
			children = (
				9C967FE41E1796F400306831 /* LinuxSystemAPI */,
			);
			name = Products;
			sourceTree = "<group>";
		};
		9C967FE61E1796F400306831 /* LinuxSystemAPI */ = {
			isa = PBXGroup;
			children = (
				9C75B2671EF6D12D00DFCA99 /* word_pattern_290.cpp */,
				9C75B2681EF6D12D00DFCA99 /* word_pattern_290.hpp */,
				9C967FE71E1796F400306831 /* main.cpp */,
				9C967FEE1E17974000306831 /* FileAccess.cpp */,
				9C967FEF1E17974000306831 /* FileAccess.hpp */,
				9C4102911E1BEB7400E9197C /* LinuxEnvironment.cpp */,
				9C4102921E1BEB7400E9197C /* LinuxEnvironment.hpp */,
				9CCCFFF41E1F551F006E2E67 /* LinuxTerminal.cpp */,
				9CCCFFF51E1F551F006E2E67 /* LinuxTerminal.hpp */,
				969398071ECA82ED00566798 /* Leetcode_32.cpp */,
				969398081ECA82ED00566798 /* Leetcode_32.hpp */,
				963691CD1EF74F18009257FD /* Merge_Two_Binary_Trees_617.cpp */,
			);
			path = LinuxSystemAPI;
			sourceTree = "<group>";
		};
/* End PBXGroup section */

/* Begin PBXNativeTarget section */
		9C967FE31E1796F400306831 /* LinuxSystemAPI */ = {
			isa = PBXNativeTarget;
			buildConfigurationList = 9C967FEB1E1796F400306831 /* Build configuration list for PBXNativeTarget "LinuxSystemAPI" */;
			buildPhases = (
				9C967FE01E1796F400306831 /* Sources */,
				9C967FE11E1796F400306831 /* Frameworks */,
				9C967FE21E1796F400306831 /* CopyFiles */,
			);
			buildRules = (
			);
			dependencies = (
			);
			name = LinuxSystemAPI;
			productName = LinuxSystemAPI;
			productReference = 9C967FE41E1796F400306831 /* LinuxSystemAPI */;
			productType = "com.apple.product-type.tool";
		};
/* End PBXNativeTarget section */

/* Begin PBXProject section */
		9C967FDC1E1796F400306831 /* Project object */ = {
			isa = PBXProject;
			attributes = {
				KnownAssetTags = (
					New,
				);
				LastUpgradeCheck = 0730;
				ORGANIZATIONNAME = "wu di";
				TargetAttributes = {
					9C967FE31E1796F400306831 = {
						CreatedOnToolsVersion = 7.3.1;
					};
				};
			};
			buildConfigurationList = 9C967FDF1E1796F400306831 /* Build configuration list for PBXProject "LinuxSystemAPI" */;
			compatibilityVersion = "Xcode 3.2";
			developmentRegion = English;
			hasScannedForEncodings = 0;
			knownRegions = (
				en,
			);
			mainGroup = 9C967FDB1E1796F400306831;
			productRefGroup = 9C967FE51E1796F400306831 /* Products */;
			projectDirPath = "";
			projectRoot = "";
			targets = (
				9C967FE31E1796F400306831 /* LinuxSystemAPI */,
			);
		};
/* End PBXProject section */

/* Begin PBXSourcesBuildPhase section */
		9C967FE01E1796F400306831 /* Sources */ = {
			isa = PBXSourcesBuildPhase;
			buildActionMask = 2147483647;
			files = (
				9C967FE81E1796F400306831 /* main.cpp in Sources */,
				9C967FF01E17974000306831 /* FileAccess.cpp in Sources */,
				963691CE1EF74F18009257FD /* Merge_Two_Binary_Trees_617.cpp in Sources */,
				9C75B2691EF6D12D00DFCA99 /* word_pattern_290.cpp in Sources */,
				9CCCFFF61E1F551F006E2E67 /* LinuxTerminal.cpp in Sources */,
				9C4102931E1BEB7400E9197C /* LinuxEnvironment.cpp in Sources */,
				969398091ECA82ED00566798 /* Leetcode_32.cpp in Sources */,
			);
			runOnlyForDeploymentPostprocessing = 0;
		};
/* End PBXSourcesBuildPhase section */

/* Begin XCBuildConfiguration section */
		9C967FE91E1796F400306831 /* Debug */ = {
			isa = XCBuildConfiguration;
			buildSettings = {
				ALWAYS_SEARCH_USER_PATHS = NO;
				CLANG_ANALYZER_NONNULL = YES;
				CLANG_CXX_LANGUAGE_STANDARD = "gnu++0x";
				CLANG_CXX_LIBRARY = "libc++";
				CLANG_ENABLE_MODULES = YES;
				CLANG_ENABLE_OBJC_ARC = YES;
				CLANG_WARN_BOOL_CONVERSION = YES;
				CLANG_WARN_CONSTANT_CONVERSION = YES;
				CLANG_WARN_DIRECT_OBJC_ISA_USAGE = YES_ERROR;
				CLANG_WARN_EMPTY_BODY = YES;
				CLANG_WARN_ENUM_CONVERSION = YES;
				CLANG_WARN_INT_CONVERSION = YES;
				CLANG_WARN_OBJC_ROOT_CLASS = YES_ERROR;
				CLANG_WARN_UNREACHABLE_CODE = YES;
				CLANG_WARN__DUPLICATE_METHOD_MATCH = YES;
				CODE_SIGN_IDENTITY = "-";
				COPY_PHASE_STRIP = NO;
				DEBUG_INFORMATION_FORMAT = dwarf;
				ENABLE_STRICT_OBJC_MSGSEND = YES;
				ENABLE_TESTABILITY = YES;
				GCC_C_LANGUAGE_STANDARD = gnu99;
				GCC_DYNAMIC_NO_PIC = NO;
				GCC_NO_COMMON_BLOCKS = YES;
				GCC_OPTIMIZATION_LEVEL = 0;
				GCC_PREPROCESSOR_DEFINITIONS = (
					"DEBUG=1",
					"$(inherited)",
				);
				GCC_WARN_64_TO_32_BIT_CONVERSION = YES;
				GCC_WARN_ABOUT_RETURN_TYPE = YES_ERROR;
				GCC_WARN_UNDECLARED_SELECTOR = YES;
				GCC_WARN_UNINITIALIZED_AUTOS = YES_AGGRESSIVE;
				GCC_WARN_UNUSED_FUNCTION = YES;
				GCC_WARN_UNUSED_VARIABLE = YES;
				MACOSX_DEPLOYMENT_TARGET = 10.11;
				MTL_ENABLE_DEBUG_INFO = YES;
				ONLY_ACTIVE_ARCH = YES;
				SDKROOT = macosx;
			};
			name = Debug;
		};
		9C967FEA1E1796F400306831 /* Release */ = {
			isa = XCBuildConfiguration;
			buildSettings = {
				ALWAYS_SEARCH_USER_PATHS = NO;
				CLANG_ANALYZER_NONNULL = YES;
				CLANG_CXX_LANGUAGE_STANDARD = "gnu++0x";
				CLANG_CXX_LIBRARY = "libc++";
				CLANG_ENABLE_MODULES = YES;
				CLANG_ENABLE_OBJC_ARC = YES;
				CLANG_WARN_BOOL_CONVERSION = YES;
				CLANG_WARN_CONSTANT_CONVERSION = YES;
				CLANG_WARN_DIRECT_OBJC_ISA_USAGE = YES_ERROR;
				CLANG_WARN_EMPTY_BODY = YES;
				CLANG_WARN_ENUM_CONVERSION = YES;
				CLANG_WARN_INT_CONVERSION = YES;
				CLANG_WARN_OBJC_ROOT_CLASS = YES_ERROR;
				CLANG_WARN_UNREACHABLE_CODE = YES;
				CLANG_WARN__DUPLICATE_METHOD_MATCH = YES;
				CODE_SIGN_IDENTITY = "-";
				COPY_PHASE_STRIP = NO;
				DEBUG_INFORMATION_FORMAT = "dwarf-with-dsym";
				ENABLE_NS_ASSERTIONS = NO;
				ENABLE_STRICT_OBJC_MSGSEND = YES;
				GCC_C_LANGUAGE_STANDARD = gnu99;
				GCC_NO_COMMON_BLOCKS = YES;
				GCC_WARN_64_TO_32_BIT_CONVERSION = YES;
				GCC_WARN_ABOUT_RETURN_TYPE = YES_ERROR;
				GCC_WARN_UNDECLARED_SELECTOR = YES;
				GCC_WARN_UNINITIALIZED_AUTOS = YES_AGGRESSIVE;
				GCC_WARN_UNUSED_FUNCTION = YES;
				GCC_WARN_UNUSED_VARIABLE = YES;
				MACOSX_DEPLOYMENT_TARGET = 10.11;
				MTL_ENABLE_DEBUG_INFO = NO;
				SDKROOT = macosx;
			};
			name = Release;
		};
		9C967FEC1E1796F400306831 /* Debug */ = {
			isa = XCBuildConfiguration;
			buildSettings = {
				PRODUCT_NAME = "$(TARGET_NAME)";
			};
			name = Debug;
		};
		9C967FED1E1796F400306831 /* Release */ = {
			isa = XCBuildConfiguration;
			buildSettings = {
				PRODUCT_NAME = "$(TARGET_NAME)";
			};
			name = Release;
		};
/* End XCBuildConfiguration section */

/* Begin XCConfigurationList section */
		9C967FDF1E1796F400306831 /* Build configuration list for PBXProject "LinuxSystemAPI" */ = {
			isa = XCConfigurationList;
			buildConfigurations = (
				9C967FE91E1796F400306831 /* Debug */,
				9C967FEA1E1796F400306831 /* Release */,
			);
			defaultConfigurationIsVisible = 0;
			defaultConfigurationName = Release;
		};
		9C967FEB1E1796F400306831 /* Build configuration list for PBXNativeTarget "LinuxSystemAPI" */ = {
			isa = XCConfigurationList;
			buildConfigurations = (
				9C967FEC1E1796F400306831 /* Debug */,
				9C967FED1E1796F400306831 /* Release */,
			);
			defaultConfigurationIsVisible = 0;
			defaultConfigurationName = Release;
		};
/* End XCConfigurationList section */
	};
	rootObject = 9C967FDC1E1796F400306831 /* Project object */;
}
